
Microsoft Visual Studio Solution File, Format Version 12.00
# Visual Studio Version 17
VisualStudioVersion = 17.5.002.0
MinimumVisualStudioVersion = 10.0.40219.1
Project("{9A19103F-16F7-4668-BE54-9A1E7A4F7556}") = "sinal", "sinal.csproj", "{757F18BE-EEAA-4CCC-BF56-3B671222FC5C}"
EndProject
Global
	GlobalSection(SolutionConfigurationPlatforms) = preSolution
		Debug|Any CPU = Debug|Any CPU
		Release|Any CPU = Release|Any CPU
	EndGlobalSection
	GlobalSection(ProjectConfigurationPlatforms) = postSolution
		{757F18BE-EEAA-4CCC-BF56-3B671222FC5C}.Debug|Any CPU.ActiveCfg = Debug|Any CPU
		{757F18BE-EEAA-4CCC-BF56-3B671222FC5C}.Debug|Any CPU.Build.0 = Debug|Any CPU
		{757F18BE-EEAA-4CCC-BF56-3B671222FC5C}.Release|Any CPU.ActiveCfg = Release|Any CPU
		{757F18BE-EEAA-4CCC-BF56-3B671222FC5C}.Release|Any CPU.Build.0 = Release|Any CPU
	EndGlobalSection
	GlobalSection(SolutionProperties) = preSolution
		HideSolutionNode = FALSE
	EndGlobalSection
	GlobalSection(ExtensibilityGlobals) = postSolution
		SolutionGuid = {76A3EECB-167D-4FA5-AB73-10D625064C03}
	EndGlobalSection
EndGlobal
